
Microsoft Visual Studio Solution File, Format Version 12.00
# Visual Studio Version 17
VisualStudioVersion = 17.13.35931.197
MinimumVisualStudioVersion = 10.0.40219.1
Project("{FAE04EC0-301F-11D3-BF4B-00C04F79EFBC}") = "EasyStock.API", "EasyStock.API\EasyStock.API.csproj", "{EE53AB9F-EC8D-4F1E-9EA3-F8BCE81BFDC7}"
EndProject
Project("{FAE04EC0-301F-11D3-BF4B-00C04F79EFBC}") = "EasyStock.Tests", "EasyStock.Tests\EasyStock.Tests.csproj", "{4C6796EF-9FBF-4924-AEC6-F75743E9FBCA}"
EndProject
Global
	GlobalSection(SolutionConfigurationPlatforms) = preSolution
		Debug|Any CPU = Debug|Any CPU
		Release|Any CPU = Release|Any CPU
	EndGlobalSection
	GlobalSection(ProjectConfigurationPlatforms) = postSolution
		{EE53AB9F-EC8D-4F1E-9EA3-F8BCE81BFDC7}.Debug|Any CPU.ActiveCfg = Debug|Any CPU
		{EE53AB9F-EC8D-4F1E-9EA3-F8BCE81BFDC7}.Debug|Any CPU.Build.0 = Debug|Any CPU
		{EE53AB9F-EC8D-4F1E-9EA3-F8BCE81BFDC7}.Release|Any CPU.ActiveCfg = Release|Any CPU
		{EE53AB9F-EC8D-4F1E-9EA3-F8BCE81BFDC7}.Release|Any CPU.Build.0 = Release|Any CPU
		{4C6796EF-9FBF-4924-AEC6-F75743E9FBCA}.Debug|Any CPU.ActiveCfg = Debug|Any CPU
		{4C6796EF-9FBF-4924-AEC6-F75743E9FBCA}.Debug|Any CPU.Build.0 = Debug|Any CPU
		{4C6796EF-9FBF-4924-AEC6-F75743E9FBCA}.Release|Any CPU.ActiveCfg = Release|Any CPU
		{4C6796EF-9FBF-4924-AEC6-F75743E9FBCA}.Release|Any CPU.Build.0 = Release|Any CPU
	EndGlobalSection
	GlobalSection(SolutionProperties) = preSolution
		HideSolutionNode = FALSE
	EndGlobalSection
	GlobalSection(ExtensibilityGlobals) = postSolution
		SolutionGuid = {8C7BAACB-2234-491E-A1F6-634616F637F9}
	EndGlobalSection
EndGlobal
